
Microsoft Visual Studio Solution File, Format Version 12.00
# Visual Studio Version 16
VisualStudioVersion = 16.0.29920.165
MinimumVisualStudioVersion = 10.0.40219.1
Project("{9A19103F-16F7-4668-BE54-9A1E7A4F7556}") = "AzUnzipEverything", "AzUnzipEverything.csproj", "{2A403C74-28D3-4291-96B1-F26F1A0EA8E3}"
EndProject
Global
	GlobalSection(SolutionConfigurationPlatforms) = preSolution
		Debug|Any CPU = Debug|Any CPU
		Release|Any CPU = Release|Any CPU
	EndGlobalSection
	GlobalSection(ProjectConfigurationPlatforms) = postSolution
		{2A403C74-28D3-4291-96B1-F26F1A0EA8E3}.Debug|Any CPU.ActiveCfg = Debug|Any CPU
		{2A403C74-28D3-4291-96B1-F26F1A0EA8E3}.Debug|Any CPU.Build.0 = Debug|Any CPU
		{2A403C74-28D3-4291-96B1-F26F1A0EA8E3}.Release|Any CPU.ActiveCfg = Release|Any CPU
		{2A403C74-28D3-4291-96B1-F26F1A0EA8E3}.Release|Any CPU.Build.0 = Release|Any CPU
	EndGlobalSection
	GlobalSection(SolutionProperties) = preSolution
		HideSolutionNode = FALSE
	EndGlobalSection
	GlobalSection(ExtensibilityGlobals) = postSolution
		SolutionGuid = {0898DC4A-9884-4FA8-B6BA-6AF2793BDE88}
	EndGlobalSection
EndGlobal
